
Microsoft Visual Studio Solution File, Format Version 12.00
# Visual Studio Version 16
VisualStudioVersion = 16.0.29613.14
MinimumVisualStudioVersion = 10.0.40219.1
Project("{FAE04EC0-301F-11D3-BF4B-00C04F79EFBC}") = "motorship", "motorship\motorship.csproj", "{490D5F8B-8B50-4FA3-B12B-E6E366EC0A07}"
EndProject
Global
	GlobalSection(SolutionConfigurationPlatforms) = preSolution
		Debug|Any CPU = Debug|Any CPU
		Release|Any CPU = Release|Any CPU
	EndGlobalSection
	GlobalSection(ProjectConfigurationPlatforms) = postSolution
		{490D5F8B-8B50-4FA3-B12B-E6E366EC0A07}.Debug|Any CPU.ActiveCfg = Debug|Any CPU
		{490D5F8B-8B50-4FA3-B12B-E6E366EC0A07}.Debug|Any CPU.Build.0 = Debug|Any CPU
		{490D5F8B-8B50-4FA3-B12B-E6E366EC0A07}.Release|Any CPU.ActiveCfg = Release|Any CPU
		{490D5F8B-8B50-4FA3-B12B-E6E366EC0A07}.Release|Any CPU.Build.0 = Release|Any CPU
	EndGlobalSection
	GlobalSection(SolutionProperties) = preSolution
		HideSolutionNode = FALSE
	EndGlobalSection
	GlobalSection(ExtensibilityGlobals) = postSolution
		SolutionGuid = {A18213F5-67BA-4E01-A0CD-4E30CA8BECD6}
	EndGlobalSection
EndGlobal
